
Microsoft Visual Studio Solution File, Format Version 12.00
# Visual Studio Version 16
VisualStudioVersion = 16.0.31515.178
MinimumVisualStudioVersion = 10.0.40219.1
Project("{FAE04EC0-301F-11D3-BF4B-00C04F79EFBC}") = "Hashingsorting", "Hashingsorting\Hashingsorting.csproj", "{DCC112A9-E2AA-41CE-AC27-8E2E35823898}"
EndProject
Global
	GlobalSection(SolutionConfigurationPlatforms) = preSolution
		Debug|Any CPU = Debug|Any CPU
		Release|Any CPU = Release|Any CPU
	EndGlobalSection
	GlobalSection(ProjectConfigurationPlatforms) = postSolution
		{DCC112A9-E2AA-41CE-AC27-8E2E35823898}.Debug|Any CPU.ActiveCfg = Debug|Any CPU
		{DCC112A9-E2AA-41CE-AC27-8E2E35823898}.Debug|Any CPU.Build.0 = Debug|Any CPU
		{DCC112A9-E2AA-41CE-AC27-8E2E35823898}.Release|Any CPU.ActiveCfg = Release|Any CPU
		{DCC112A9-E2AA-41CE-AC27-8E2E35823898}.Release|Any CPU.Build.0 = Release|Any CPU
	EndGlobalSection
	GlobalSection(SolutionProperties) = preSolution
		HideSolutionNode = FALSE
	EndGlobalSection
	GlobalSection(ExtensibilityGlobals) = postSolution
		SolutionGuid = {4AE01570-D265-478A-8B35-2F6529007593}
	EndGlobalSection
EndGlobal
